
Microsoft Visual Studio Solution File, Format Version 11.00
# Visual Studio 2010
Project("{FAE04EC0-301F-11D3-BF4B-00C04F79EFBC}") = "Assembly-CSharp", "Assembly-CSharp.csproj", "{13fd6704-539a-92b7-5b5a-1acad48b75e9}"
EndProject
Project("{FAE04EC0-301F-11D3-BF4B-00C04F79EFBC}") = "Assembly-CSharp-Editor", "Assembly-CSharp-Editor.csproj", "{6d3c5f98-cec8-55f7-aaff-c09c644900f5}"
EndProject
Global
	GlobalSection(SolutionConfigurationPlatforms) = preSolution
		Debug|Any CPU = Debug|Any CPU
	EndGlobalSection
	GlobalSection(ProjectConfigurationPlatforms) = postSolution
		{13fd6704-539a-92b7-5b5a-1acad48b75e9}.Debug|Any CPU.ActiveCfg = Debug|Any CPU
		{13fd6704-539a-92b7-5b5a-1acad48b75e9}.Debug|Any CPU.Build.0 = Debug|Any CPU
		{6d3c5f98-cec8-55f7-aaff-c09c644900f5}.Debug|Any CPU.ActiveCfg = Debug|Any CPU
		{6d3c5f98-cec8-55f7-aaff-c09c644900f5}.Debug|Any CPU.Build.0 = Debug|Any CPU
	EndGlobalSection
	GlobalSection(SolutionProperties) = preSolution
		HideSolutionNode = FALSE
	EndGlobalSection
EndGlobal
